# THIS IS AN AUTOGENERATED FILE. DO NOT EDIT THIS FILE DIRECTLY.
# yarn lockfile v1


pre-push@^0.1.1:
  version "0.1.1"
  resolved "https://registry.npmjs.org/pre-push/-/pre-push-0.1.1.tgz#2a2a79827d243a76c91089897ac707f45e716aac"
  dependencies:
    shelljs "0.3.x"

shelljs@0.3.x:
  version "0.3.0"
  resolved "https://registry.npmjs.org/shelljs/-/shelljs-0.3.0.tgz#3596e6307a781544f591f37da618360f31db57b1"
