# THIS IS AN AUTOGENERATED FILE. DO NOT EDIT THIS FILE DIRECTLY.
# yarn lockfile v1


"@braintree/asset-loader@0.2.1":
  version "0.2.1"
  resolved "https://registry.npmjs.org/@braintree%2fasset-loader/-/asset-loader-0.2.1.tgz#1f744aada54321ff591e846d707a7b7d58d7ca9f"
  integrity sha512-KNzByHqcZKHm6lss1dGCbLs9K4XrmLqn5YNdL0e7g7A0dzUU4mhXmZF+7rLAqX+XP9gE6nSaf7xh+TBj7oo24w==
  dependencies:
    promise-polyfill "^8.1.0"

"@braintree/browser-detection@1.7.0", "@braintree/browser-detection@^1.5.0":
  version "1.7.0"
  resolved "https://registry.npmjs.org/@braintree%2fbrowser-detection/-/browser-detection-1.7.0.tgz#895ba64b700c3f36cab5c54591caf71a41171dd8"
  integrity sha1-iVumS3AMPzbKtcVFkcr3GkEXHdg=

"@braintree/class-list@0.1.0":
  version "0.1.0"
  resolved "https://registry.npmjs.org/@braintree%2fclass-list/-/class-list-0.1.0.tgz#d6c8606ce6a82b4b37f28e32eadd090abcf1adaa"
  integrity sha512-AmXPsYhiNJKcxuwkgQjwyyTwFCeRlyFTeUJ9ecV/jLxS8ZH8fCAB4enYgArMRyvCekZZkqLK54kOJ6+OJBzJwA==

"@braintree/iframer@1.0.3":
  version "1.0.3"
  resolved "https://registry.npmjs.org/@braintree%2fiframer/-/iframer-1.0.3.tgz#21dd1fd4cebd4154aeab1efa4d5b0d5f4384364e"
  integrity sha1-Id0f1M69QVSuqx76TVsNX0OENk4=

"@braintree/sanitize-url@3.0.0":
  version "3.0.0"
  resolved "https://registry.npmjs.org/@braintree%2fsanitize-url/-/sanitize-url-3.0.0.tgz#a0ce629d18d4d435f23a0b880098cff7d99e8bb3"
  integrity sha512-ymeXC1qObTag/hhEG7BoTMdIzuhKekTxNJTIfiVXsoP1fUXHKBpr0EfCsSA06BuP5gxTPs2vDKjtmYbgvEfY+g==

"@braintree/wrap-promise@1.1.1":
  version "1.1.1"
  resolved "https://registry.npmjs.org/@braintree%2fwrap-promise/-/wrap-promise-1.1.1.tgz#d22c76855e6d4b4012610060421fae1a37ec90b0"
  integrity sha1-0ix2hV5tS0ASYQBgQh+uGjfskLA=

"@types/node@^10.12.1":
  version "10.12.30"
  resolved "https://registry.npmjs.org/@types%2fnode/-/node-10.12.30.tgz#4c2b4f0015f214f8158a347350481322b3b29b2f"
  integrity sha512-nsqTN6zUcm9xtdJiM9OvOJ5EF0kOI8f1Zuug27O/rgtxCRJHGqncSWfCMZUP852dCKPsDsYXGvBhxfRjDBkF5Q==

braintree-web@^3.41.0:
  version "3.42.0"
  resolved "https://registry.npmjs.org/braintree-web/-/braintree-web-3.42.0.tgz#07d8cb87bdbd89e9629098c9f4065c92e537e34c"
  integrity sha512-R6Eyjz1XCftNk5RVVfcDwWtdlXqguLyWtXGXa7BjK6D2r4/PXqUGRzakWcKUtAYOixibjl0JKHLjf9DzxpTH5w==
  dependencies:
    "@braintree/asset-loader" "0.2.1"
    "@braintree/browser-detection" "1.7.0"
    "@braintree/class-list" "0.1.0"
    "@braintree/iframer" "1.0.3"
    "@braintree/sanitize-url" "3.0.0"
    "@braintree/wrap-promise" "1.1.1"
    card-validator "6.1.0"
    credit-card-type "8.0.0"
    framebus "3.0.2"
    inject-stylesheet "1.0.0"
    promise-polyfill "8.1.0"
    restricted-input "1.2.7"

card-validator@6.1.0:
  version "6.1.0"
  resolved "https://registry.npmjs.org/card-validator/-/card-validator-6.1.0.tgz#d36bfc9ff8ee0c69e02d676b2b27f7b6d2dae92d"
  integrity sha512-YAeCZvHFXj7zxYSjfQEOmL5c19+Bfpdi1hl9BIeAE7a56V3jPO9CbIVwSPPL4yoVPVjfE4Osp44c05UeELhu4A==
  dependencies:
    credit-card-type "^8.0.0"

credit-card-type@8.0.0:
  version "8.0.0"
  resolved "https://registry.npmjs.org/credit-card-type/-/credit-card-type-8.0.0.tgz#e65347bcdb979b4deb3107cd43a1cd9da802cd50"
  integrity sha512-q3k5fbLJJIkPTBLr03Wo2Ui8cF5vHE8eTT/3K7BUW1ROoyns2vHoglWrzjmU/8JKA0X7JFlYlUVuDRwn7l2ldw==

credit-card-type@^8.0.0:
  version "8.1.0"
  resolved "https://registry.npmjs.org/credit-card-type/-/credit-card-type-8.1.0.tgz#141ffe6ea6516d6c62357dfd5278e512da06fc43"
  integrity sha512-Z2dBLgH04EYiGkOM7phfLFqRPJK42LRTdivOYIZRVQLBZiGswWhw3dbtFhszZQrlGF8vXtAEfm+seAWn4bETLQ==

framebus@3.0.2:
  version "3.0.2"
  resolved "https://registry.npmjs.org/framebus/-/framebus-3.0.2.tgz#0c99c70cb507522aae6ed485e1317fc913873a8a"
  integrity sha512-OqhYkhgRYlpKZoSl5EA3whKh8O8omFPCzf7MGzFqC6CtrT8lg7evNgU6QdjC3uY3ATq5saMDiY5HJ8KGiGDYCA==

inject-stylesheet@1.0.0:
  version "1.0.0"
  resolved "https://registry.npmjs.org/inject-stylesheet/-/inject-stylesheet-1.0.0.tgz#f673047458ee58f109fee4cfb66b09f362ccc261"
  integrity sha1-9nMEdFjuWPEJ/uTPtmsJ82LMwmE=

ng2-file-upload@^1.3.0:
  version "1.3.0"
  resolved "https://registry.npmjs.org/ng2-file-upload/-/ng2-file-upload-1.3.0.tgz#d90f8f568f62383462175f8bdfa0096b131f277a"
  integrity sha512-Pudxik6LWYsT8hNiEW7RfjgGWAnvfQywxwJYMdt1snTUe+KnlRc/QqPv3QEQW6plXTanuLkYz/TbqilSfSHOsw==

promise-polyfill@8.1.0, promise-polyfill@^8.1.0:
  version "8.1.0"
  resolved "https://registry.npmjs.org/promise-polyfill/-/promise-polyfill-8.1.0.tgz#30059da54d1358ce905ac581f287e184aedf995d"
  integrity sha512-OzSf6gcCUQ01byV4BgwyUCswlaQQ6gzXc23aLQWhicvfX9kfsUiUhgt3CCQej8jDnl8/PhGF31JdHX2/MzF3WA==

restricted-input@1.2.7:
  version "1.2.7"
  resolved "https://registry.npmjs.org/restricted-input/-/restricted-input-1.2.7.tgz#e1298f5fd8c430cc2d8e6bb1175524023205cb34"
  integrity sha1-4SmPX9jEMMwtjmuxF1UkAjIFyzQ=
  dependencies:
    "@braintree/browser-detection" "^1.5.0"
